
Microsoft Visual Studio Solution File, Format Version 12.00
# Visual Studio Version 16
VisualStudioVersion = 16.0.31129.286
MinimumVisualStudioVersion = 10.0.40219.1
Project("{FAE04EC0-301F-11D3-BF4B-00C04F79EFBC}") = "CSharpNancyJWTAuth", "CSharpNancyJWTAuth\CSharpNancyJWTAuth.csproj", "{3EE314E2-12D2-4FEE-A95F-3EE12FF920B4}"
EndProject
Project("{FAE04EC0-301F-11D3-BF4B-00C04F79EFBC}") = "CSharpNancyJWTAuth.Core", "CSharpNancyJWTAuth.Core\CSharpNancyJWTAuth.Core.csproj", "{131480E7-E59B-47EE-8E5F-C67BF619C881}"
EndProject
Global
	GlobalSection(SolutionConfigurationPlatforms) = preSolution
		Debug|Any CPU = Debug|Any CPU
		Release|Any CPU = Release|Any CPU
	EndGlobalSection
	GlobalSection(ProjectConfigurationPlatforms) = postSolution
		{3EE314E2-12D2-4FEE-A95F-3EE12FF920B4}.Debug|Any CPU.ActiveCfg = Debug|Any CPU
		{3EE314E2-12D2-4FEE-A95F-3EE12FF920B4}.Debug|Any CPU.Build.0 = Debug|Any CPU
		{3EE314E2-12D2-4FEE-A95F-3EE12FF920B4}.Release|Any CPU.ActiveCfg = Release|Any CPU
		{3EE314E2-12D2-4FEE-A95F-3EE12FF920B4}.Release|Any CPU.Build.0 = Release|Any CPU
		{131480E7-E59B-47EE-8E5F-C67BF619C881}.Debug|Any CPU.ActiveCfg = Debug|Any CPU
		{131480E7-E59B-47EE-8E5F-C67BF619C881}.Debug|Any CPU.Build.0 = Debug|Any CPU
		{131480E7-E59B-47EE-8E5F-C67BF619C881}.Release|Any CPU.ActiveCfg = Release|Any CPU
		{131480E7-E59B-47EE-8E5F-C67BF619C881}.Release|Any CPU.Build.0 = Release|Any CPU
	EndGlobalSection
	GlobalSection(SolutionProperties) = preSolution
		HideSolutionNode = FALSE
	EndGlobalSection
	GlobalSection(ExtensibilityGlobals) = postSolution
		SolutionGuid = {C14B6BB7-BF8A-4F0B-8F63-9AD26E3E9B89}
	EndGlobalSection
EndGlobal
